<?xml version="1.0" encoding="UTF-8"?>
<CONFIG>
  <ProjectOptions>
    <Version Value="11"/>
    <PathDelim Value="\"/>
    <General>
      <SessionStorage Value="InProjectDir"/>
      <MainUnit Value="0"/>
      <Title Value="Alvatrum"/>
      <ResourceType Value="res"/>
      <UseXPManifest Value="True"/>
      <Icon Value="0"/>
    </General>
    <BuildModes Count="1">
      <Item1 Name="Default" Default="True"/>
    </BuildModes>
    <PublishOptions>
      <Version Value="2"/>
    </PublishOptions>
    <RunParams>
      <FormatVersion Value="2"/>
      <Modes Count="1">
        <Mode0 Name="default"/>
      </Modes>
    </RunParams>
    <RequiredPackages Count="7">
      <Item1>
        <PackageName Value="bgragames"/>
      </Item1>
      <Item2>
        <PackageName Value="laz_acs_lib"/>
      </Item2>
      <Item3>
        <PackageName Value="etpackage"/>
      </Item3>
      <Item4>
        <PackageName Value="pascalscript"/>
      </Item4>
      <Item5>
        <PackageName Value="bgracontrols"/>
      </Item5>
      <Item6>
        <PackageName Value="BGRABitmapPack"/>
      </Item6>
      <Item7>
        <PackageName Value="LCL"/>
      </Item7>
    </RequiredPackages>
    <Units Count="18">
      <Unit0>
        <Filename Value="Alvatrum.lpr"/>
        <IsPartOfProject Value="True"/>
      </Unit0>
      <Unit1>
        <Filename Value="main.pas"/>
        <IsPartOfProject Value="True"/>
        <ComponentName Value="SpecEmu"/>
        <HasResources Value="True"/>
        <ResourceBaseClass Value="Form"/>
      </Unit1>
      <Unit2>
        <Filename Value="z80.pas"/>
        <IsPartOfProject Value="True"/>
        <UnitName Value="Z80"/>
      </Unit2>
      <Unit3>
        <Filename Value="z80ops.pas"/>
        <IsPartOfProject Value="True"/>
        <UnitName Value="Z80ops"/>
      </Unit3>
      <Unit4>
        <Filename Value="z80globals.pas"/>
        <IsPartOfProject Value="True"/>
        <UnitName Value="z80Globals"/>
      </Unit4>
      <Unit5>
        <Filename Value="z80bitops.pas"/>
        <IsPartOfProject Value="True"/>
      </Unit5>
      <Unit6>
        <Filename Value="z80bitops_ixiy.pas"/>
        <IsPartOfProject Value="True"/>
        <UnitName Value="Z80bitops_ixiy"/>
      </Unit6>
      <Unit7>
        <Filename Value="roms.pas"/>
        <IsPartOfProject Value="True"/>
      </Unit7>
      <Unit8>
        <Filename Value="screen.pas"/>
        <IsPartOfProject Value="True"/>
        <UnitName Value="Screen"/>
      </Unit8>
      <Unit9>
        <Filename Value="fastbitmap.pas"/>
        <IsPartOfProject Value="True"/>
      </Unit9>
      <Unit10>
        <Filename Value="z80tools.pas"/>
        <IsPartOfProject Value="True"/>
        <UnitName Value="Z80Tools"/>
      </Unit10>
      <Unit11>
        <Filename Value="exops.pas"/>
        <IsPartOfProject Value="True"/>
      </Unit11>
      <Unit12>
        <Filename Value="spectrum.pas"/>
        <IsPartOfProject Value="True"/>
      </Unit12>
      <Unit13>
        <Filename Value="tap.pas"/>
        <IsPartOfProject Value="True"/>
        <UnitName Value="TAP"/>
      </Unit13>
      <Unit14>
        <Filename Value="global.pas"/>
        <IsPartOfProject Value="True"/>
        <UnitName Value="Global"/>
      </Unit14>
      <Unit15>
        <Filename Value="hardware.pas"/>
        <IsPartOfProject Value="True"/>
      </Unit15>
      <Unit16>
        <Filename Value="fileformats.pas"/>
        <IsPartOfProject Value="True"/>
        <UnitName Value="FileFormats"/>
      </Unit16>
      <Unit17>
        <Filename Value="cassette.pas"/>
        <IsPartOfProject Value="True"/>
      </Unit17>
    </Units>
  </ProjectOptions>
  <CompilerOptions>
    <Version Value="11"/>
    <PathDelim Value="\"/>
    <Target>
      <Filename Value="Alvatrum"/>
    </Target>
    <SearchPaths>
      <IncludeFiles Value="$(ProjOutDir)"/>
      <UnitOutputDirectory Value="lib\$(TargetCPU)-$(TargetOS)"/>
    </SearchPaths>
    <CodeGeneration>
      <Optimizations>
        <OptimizationLevel Value="0"/>
      </Optimizations>
    </CodeGeneration>
    <Linking>
      <Options>
        <Win32>
          <GraphicApplication Value="True"/>
        </Win32>
      </Options>
    </Linking>
  </CompilerOptions>
  <Debugging>
    <Exceptions Count="7">
      <Item1>
        <Name Value="EAbort"/>
      </Item1>
      <Item2>
        <Name Value="ECodetoolError"/>
      </Item2>
      <Item3>
        <Name Value="EFOpenError"/>
      </Item3>
      <Item4>
        <Name Value="Exception"/>
      </Item4>
      <Item5>
        <Name Value="RunError(5)"/>
      </Item5>
      <Item6>
        <Name Value="EInOutError"/>
      </Item6>
      <Item7>
        <Name Value="RunError(2)"/>
      </Item7>
    </Exceptions>
  </Debugging>
</CONFIG>
